
Microsoft Visual Studio Solution File, Format Version 12.00
# Visual Studio 15
VisualStudioVersion = 15.0.26730.10
MinimumVisualStudioVersion = 10.0.40219.1
Project("{FAE04EC0-301F-11D3-BF4B-00C04F79EFBC}") = "SitecoreAI.Models", "SitecoreAI.Models\SitecoreAI.Models.csproj", "{983C426C-2FC6-46B0-BA00-B79B6EA80885}"
EndProject
Project("{FAE04EC0-301F-11D3-BF4B-00C04F79EFBC}") = "SitecoreAI.MongoDB", "SitecoreAI.MongoDB\SitecoreAI.MongoDB.csproj", "{B8C15B91-4690-4752-AA6E-81FAFC071A5B}"
EndProject
Project("{FAE04EC0-301F-11D3-BF4B-00C04F79EFBC}") = "SitecoreAI.Pipelines", "SitecoreAI.Pipelines\SitecoreAI.Pipelines.csproj", "{D0269DD4-8099-473A-847B-6ECF2589B38A}"
EndProject
Project("{FAE04EC0-301F-11D3-BF4B-00C04F79EFBC}") = "SitecoreAI.WebApi", "SitecoreAI.WebApi\SitecoreAI.WebApi.csproj", "{9CAE7E1D-77DF-4924-A936-568F76F8A97D}"
EndProject
Project("{FAE04EC0-301F-11D3-BF4B-00C04F79EFBC}") = "SitecoreAI.Website", "SitecoreAI.Website\SitecoreAI.Website.csproj", "{1860B6D3-6A64-4250-BA24-B61EE88F0AE4}"
EndProject
Project("{FAE04EC0-301F-11D3-BF4B-00C04F79EFBC}") = "SitecoreAI.Rules", "SitecoreAI.Rules\SitecoreAI.Rules.csproj", "{05515C38-E5B2-410F-A433-BD375527F53F}"
EndProject
Project("{FAE04EC0-301F-11D3-BF4B-00C04F79EFBC}") = "SitecoreAI.ExperienceExtractor", "SitecoreAI.ExperienceExtractor\SitecoreAI.ExperienceExtractor.csproj", "{A5BAE815-F310-4540-9D39-F07DA899FD1A}"
EndProject
Project("{FAE04EC0-301F-11D3-BF4B-00C04F79EFBC}") = "SitecoreAI.Package", "SitecoreAI.Package\SitecoreAI.Package.csproj", "{4B749B05-6CDE-4633-8DFB-C6A7CDF78EDA}"
EndProject
Global
	GlobalSection(SolutionConfigurationPlatforms) = preSolution
		8.0 update 0 to 4|Any CPU = 8.0 update 0 to 4|Any CPU
		Debug|Any CPU = Debug|Any CPU
		Release|Any CPU = Release|Any CPU
	EndGlobalSection
	GlobalSection(ProjectConfigurationPlatforms) = postSolution
		{983C426C-2FC6-46B0-BA00-B79B6EA80885}.8.0 update 0 to 4|Any CPU.ActiveCfg = Release|Any CPU
		{983C426C-2FC6-46B0-BA00-B79B6EA80885}.8.0 update 0 to 4|Any CPU.Build.0 = Release|Any CPU
		{983C426C-2FC6-46B0-BA00-B79B6EA80885}.Debug|Any CPU.ActiveCfg = Debug|Any CPU
		{983C426C-2FC6-46B0-BA00-B79B6EA80885}.Debug|Any CPU.Build.0 = Debug|Any CPU
		{983C426C-2FC6-46B0-BA00-B79B6EA80885}.Release|Any CPU.ActiveCfg = Release|Any CPU
		{983C426C-2FC6-46B0-BA00-B79B6EA80885}.Release|Any CPU.Build.0 = Release|Any CPU
		{B8C15B91-4690-4752-AA6E-81FAFC071A5B}.8.0 update 0 to 4|Any CPU.ActiveCfg = Release|Any CPU
		{B8C15B91-4690-4752-AA6E-81FAFC071A5B}.8.0 update 0 to 4|Any CPU.Build.0 = Release|Any CPU
		{B8C15B91-4690-4752-AA6E-81FAFC071A5B}.Debug|Any CPU.ActiveCfg = Debug|Any CPU
		{B8C15B91-4690-4752-AA6E-81FAFC071A5B}.Debug|Any CPU.Build.0 = Debug|Any CPU
		{B8C15B91-4690-4752-AA6E-81FAFC071A5B}.Release|Any CPU.ActiveCfg = Release|Any CPU
		{B8C15B91-4690-4752-AA6E-81FAFC071A5B}.Release|Any CPU.Build.0 = Release|Any CPU
		{D0269DD4-8099-473A-847B-6ECF2589B38A}.8.0 update 0 to 4|Any CPU.ActiveCfg = Release|Any CPU
		{D0269DD4-8099-473A-847B-6ECF2589B38A}.8.0 update 0 to 4|Any CPU.Build.0 = Release|Any CPU
		{D0269DD4-8099-473A-847B-6ECF2589B38A}.Debug|Any CPU.ActiveCfg = Debug|Any CPU
		{D0269DD4-8099-473A-847B-6ECF2589B38A}.Debug|Any CPU.Build.0 = Debug|Any CPU
		{D0269DD4-8099-473A-847B-6ECF2589B38A}.Release|Any CPU.ActiveCfg = Release|Any CPU
		{D0269DD4-8099-473A-847B-6ECF2589B38A}.Release|Any CPU.Build.0 = Release|Any CPU
		{9CAE7E1D-77DF-4924-A936-568F76F8A97D}.8.0 update 0 to 4|Any CPU.ActiveCfg = Release|Any CPU
		{9CAE7E1D-77DF-4924-A936-568F76F8A97D}.8.0 update 0 to 4|Any CPU.Build.0 = Release|Any CPU
		{9CAE7E1D-77DF-4924-A936-568F76F8A97D}.Debug|Any CPU.ActiveCfg = Debug|Any CPU
		{9CAE7E1D-77DF-4924-A936-568F76F8A97D}.Debug|Any CPU.Build.0 = Debug|Any CPU
		{9CAE7E1D-77DF-4924-A936-568F76F8A97D}.Release|Any CPU.ActiveCfg = Release|Any CPU
		{9CAE7E1D-77DF-4924-A936-568F76F8A97D}.Release|Any CPU.Build.0 = Release|Any CPU
		{1860B6D3-6A64-4250-BA24-B61EE88F0AE4}.8.0 update 0 to 4|Any CPU.ActiveCfg = Release|Any CPU
		{1860B6D3-6A64-4250-BA24-B61EE88F0AE4}.8.0 update 0 to 4|Any CPU.Build.0 = Release|Any CPU
		{1860B6D3-6A64-4250-BA24-B61EE88F0AE4}.Debug|Any CPU.ActiveCfg = Debug|Any CPU
		{1860B6D3-6A64-4250-BA24-B61EE88F0AE4}.Debug|Any CPU.Build.0 = Debug|Any CPU
		{1860B6D3-6A64-4250-BA24-B61EE88F0AE4}.Release|Any CPU.ActiveCfg = Release|Any CPU
		{1860B6D3-6A64-4250-BA24-B61EE88F0AE4}.Release|Any CPU.Build.0 = Release|Any CPU
		{05515C38-E5B2-410F-A433-BD375527F53F}.8.0 update 0 to 4|Any CPU.ActiveCfg = Release|Any CPU
		{05515C38-E5B2-410F-A433-BD375527F53F}.8.0 update 0 to 4|Any CPU.Build.0 = Release|Any CPU
		{05515C38-E5B2-410F-A433-BD375527F53F}.Debug|Any CPU.ActiveCfg = Debug|Any CPU
		{05515C38-E5B2-410F-A433-BD375527F53F}.Debug|Any CPU.Build.0 = Debug|Any CPU
		{05515C38-E5B2-410F-A433-BD375527F53F}.Release|Any CPU.ActiveCfg = Release|Any CPU
		{05515C38-E5B2-410F-A433-BD375527F53F}.Release|Any CPU.Build.0 = Release|Any CPU
		{A5BAE815-F310-4540-9D39-F07DA899FD1A}.8.0 update 0 to 4|Any CPU.ActiveCfg = Release|Any CPU
		{A5BAE815-F310-4540-9D39-F07DA899FD1A}.8.0 update 0 to 4|Any CPU.Build.0 = Release|Any CPU
		{A5BAE815-F310-4540-9D39-F07DA899FD1A}.Debug|Any CPU.ActiveCfg = Debug|Any CPU
		{A5BAE815-F310-4540-9D39-F07DA899FD1A}.Debug|Any CPU.Build.0 = Debug|Any CPU
		{A5BAE815-F310-4540-9D39-F07DA899FD1A}.Release|Any CPU.ActiveCfg = Release|Any CPU
		{A5BAE815-F310-4540-9D39-F07DA899FD1A}.Release|Any CPU.Build.0 = Release|Any CPU
		{4B749B05-6CDE-4633-8DFB-C6A7CDF78EDA}.8.0 update 0 to 4|Any CPU.ActiveCfg = Release|Any CPU
		{4B749B05-6CDE-4633-8DFB-C6A7CDF78EDA}.8.0 update 0 to 4|Any CPU.Build.0 = Release|Any CPU
		{4B749B05-6CDE-4633-8DFB-C6A7CDF78EDA}.Debug|Any CPU.ActiveCfg = Debug|Any CPU
		{4B749B05-6CDE-4633-8DFB-C6A7CDF78EDA}.Debug|Any CPU.Build.0 = Debug|Any CPU
		{4B749B05-6CDE-4633-8DFB-C6A7CDF78EDA}.Release|Any CPU.ActiveCfg = Release|Any CPU
		{4B749B05-6CDE-4633-8DFB-C6A7CDF78EDA}.Release|Any CPU.Build.0 = Release|Any CPU
	EndGlobalSection
	GlobalSection(SolutionProperties) = preSolution
		HideSolutionNode = FALSE
	EndGlobalSection
	GlobalSection(ExtensibilityGlobals) = postSolution
		SolutionGuid = {0A28410E-76D3-448E-8E65-E29F522B54B5}
	EndGlobalSection
EndGlobal
